# THIS IS AN AUTOGENERATED FILE. DO NOT EDIT THIS FILE DIRECTLY.
# yarn lockfile v1


"ctproto@^0.0.13":
  "integrity" "sha512-QIoTTefFzFG+hmA740jK8TymF8buEsXGFIuRuZJP0BCp11H9KOQ0jkXHRt9ZokoDItSfN8Cn9v9/+Cjz4AmHIw=="
  "resolved" "https://registry.npmjs.org/ctproto/-/ctproto-0.0.13.tgz"
  "version" "0.0.13"
  dependencies:
    "nanoid" "^3.1.20"
    "ws" "^7.4.1"

"nanoid@^3.1.20":
  "integrity" "sha512-zJpuPDwOv8D2zq2WRoMe1HsfZthVewpel9CAvTfc/2mBD1uUT/agc5f7GHGWXlYkFvi1mVxe4IjvP2HNrop7nQ=="
  "resolved" "https://registry.npmjs.org/nanoid/-/nanoid-3.1.30.tgz"
  "version" "3.1.30"

"ws@^7.4.1":
  "integrity" "sha512-6GLgCqo2cy2A2rjCNFlxQS6ZljG/coZfZXclldI8FB/1G3CCI36Zd8xy2HrFVACi8tfk5XrgLQEk+P0Tnz9UcA=="
  "resolved" "https://registry.npmjs.org/ws/-/ws-7.5.6.tgz"
  "version" "7.5.6"
